
Microsoft Visual Studio Solution File, Format Version 12.00
# Visual Studio 15
VisualStudioVersion = 15.0.28307.489
MinimumVisualStudioVersion = 10.0.40219.1
Project("{9A19103F-16F7-4668-BE54-9A1E7A4F7556}") = "InterView_JuanSilva", "InterView_JuanSilva\InterView_JuanSilva.csproj", "{C9A053AE-7C79-45F1-B81B-A271944A2434}"
EndProject
Project("{FAE04EC0-301F-11D3-BF4B-00C04F79EFBC}") = "InterView_JuanSilvaTest", "InterView_JuanSilvaTest\InterView_JuanSilvaTest.csproj", "{340CB869-9CE8-43CA-B881-8E1BAB9E398D}"
EndProject
Global
	GlobalSection(SolutionConfigurationPlatforms) = preSolution
		Debug|Any CPU = Debug|Any CPU
		Release|Any CPU = Release|Any CPU
	EndGlobalSection
	GlobalSection(ProjectConfigurationPlatforms) = postSolution
		{C9A053AE-7C79-45F1-B81B-A271944A2434}.Debug|Any CPU.ActiveCfg = Debug|Any CPU
		{C9A053AE-7C79-45F1-B81B-A271944A2434}.Debug|Any CPU.Build.0 = Debug|Any CPU
		{C9A053AE-7C79-45F1-B81B-A271944A2434}.Release|Any CPU.ActiveCfg = Release|Any CPU
		{C9A053AE-7C79-45F1-B81B-A271944A2434}.Release|Any CPU.Build.0 = Release|Any CPU
		{340CB869-9CE8-43CA-B881-8E1BAB9E398D}.Debug|Any CPU.ActiveCfg = Debug|Any CPU
		{340CB869-9CE8-43CA-B881-8E1BAB9E398D}.Debug|Any CPU.Build.0 = Debug|Any CPU
		{340CB869-9CE8-43CA-B881-8E1BAB9E398D}.Release|Any CPU.ActiveCfg = Release|Any CPU
		{340CB869-9CE8-43CA-B881-8E1BAB9E398D}.Release|Any CPU.Build.0 = Release|Any CPU
	EndGlobalSection
	GlobalSection(SolutionProperties) = preSolution
		HideSolutionNode = FALSE
	EndGlobalSection
	GlobalSection(ExtensibilityGlobals) = postSolution
		SolutionGuid = {35CF40C4-4FE1-4F0A-B437-94C61B8AD6CA}
	EndGlobalSection
EndGlobal
